// !$*UTF8*$!
{
	archiveVersion = 1;
	classes = {
	};
	objectVersion = 77;
	objects = {

/* Begin PBXBuildFile section */
		8B6037772D6CC37000727532 /* NotificationExtension.appex in Embed Foundation Extensions */ = {isa = PBXBuildFile; fileRef = 8B6037702D6CC37000727532 /* NotificationExtension.appex */; settings = {ATTRIBUTES = (RemoveHeadersOnCopy, ); }; };
		8BD375632D65F98700494FB2 /* PDFViewer in Frameworks */ = {isa = PBXBuildFile; productRef = 8BD375622D65F98700494FB2 /* PDFViewer */; };
		8BD375652D65F98A00494FB2 /* WebViewSPM in Frameworks */ = {isa = PBXBuildFile; productRef = 8BD375642D65F98A00494FB2 /* WebViewSPM */; };
		8BF70ECF2D67263B0062B3F0 /* WidgetKit.framework in Frameworks */ = {isa = PBXBuildFile; fileRef = 8BF70ECE2D67263B0062B3F0 /* WidgetKit.framework */; };
		8BF70ED12D67263B0062B3F0 /* SwiftUI.framework in Frameworks */ = {isa = PBXBuildFile; fileRef = 8BF70ED02D67263B0062B3F0 /* SwiftUI.framework */; };
		8BF70EE22D67263D0062B3F0 /* WidgetExtensionExtension.appex in Embed Foundation Extensions */ = {isa = PBXBuildFile; fileRef = 8BF70ECD2D67263B0062B3F0 /* WidgetExtensionExtension.appex */; settings = {ATTRIBUTES = (RemoveHeadersOnCopy, ); }; };
		8BF70EEC2D6773990062B3F0 /* AnyFileViewer in Frameworks */ = {isa = PBXBuildFile; productRef = 8BF70EEB2D6773990062B3F0 /* AnyFileViewer */; };
		8BF8AEEE2D6C688300CF3F45 /* ShareFiles in Frameworks */ = {isa = PBXBuildFile; productRef = 8BF8AEED2D6C688300CF3F45 /* ShareFiles */; };
		8BF8AEFD2D6C8DD900CF3F45 /* ScanQR in Frameworks */ = {isa = PBXBuildFile; productRef = 8BF8AEFC2D6C8DD900CF3F45 /* ScanQR */; };
		D2C47AEA2D5DDAAC005B9FA5 /* FirebaseCore in Frameworks */ = {isa = PBXBuildFile; productRef = D2C47AE92D5DDAAC005B9FA5 /* FirebaseCore */; };
		D2C47AEC2D5DDAAC005B9FA5 /* FirebaseMessaging in Frameworks */ = {isa = PBXBuildFile; productRef = D2C47AEB2D5DDAAC005B9FA5 /* FirebaseMessaging */; };
/* End PBXBuildFile section */

/* Begin PBXContainerItemProxy section */
		8B6037752D6CC37000727532 /* PBXContainerItemProxy */ = {
			isa = PBXContainerItemProxy;
			containerPortal = D2E606DB2D4A3CA200D0A0B7 /* Project object */;
			proxyType = 1;
			remoteGlobalIDString = 8B60376F2D6CC37000727532;
			remoteInfo = NotificationExtension;
		};
		8BF70EE02D67263D0062B3F0 /* PBXContainerItemProxy */ = {
			isa = PBXContainerItemProxy;
			containerPortal = D2E606DB2D4A3CA200D0A0B7 /* Project object */;
			proxyType = 1;
			remoteGlobalIDString = 8BF70ECC2D67263B0062B3F0;
			remoteInfo = WidgetExtensionExtension;
		};
		D2E606F42D4A3CA400D0A0B7 /* PBXContainerItemProxy */ = {
			isa = PBXContainerItemProxy;
			containerPortal = D2E606DB2D4A3CA200D0A0B7 /* Project object */;
			proxyType = 1;
			remoteGlobalIDString = D2E606E22D4A3CA200D0A0B7;
			remoteInfo = ProofOfConcept;
		};
		D2E606FE2D4A3CA400D0A0B7 /* PBXContainerItemProxy */ = {
			isa = PBXContainerItemProxy;
			containerPortal = D2E606DB2D4A3CA200D0A0B7 /* Project object */;
			proxyType = 1;
			remoteGlobalIDString = D2E606E22D4A3CA200D0A0B7;
			remoteInfo = ProofOfConcept;
		};
/* End PBXContainerItemProxy section */

/* Begin PBXCopyFilesBuildPhase section */
		D2C47BCA2D5DF19D005B9FA5 /* Embed Foundation Extensions */ = {
			isa = PBXCopyFilesBuildPhase;
			buildActionMask = 2147483647;
			dstPath = "";
			dstSubfolderSpec = 13;
			files = (
				8BF70EE22D67263D0062B3F0 /* WidgetExtensionExtension.appex in Embed Foundation Extensions */,
				8B6037772D6CC37000727532 /* NotificationExtension.appex in Embed Foundation Extensions */,
			);
			name = "Embed Foundation Extensions";
			runOnlyForDeploymentPostprocessing = 0;
		};
/* End PBXCopyFilesBuildPhase section */

/* Begin PBXFileReference section */
		8B6037702D6CC37000727532 /* NotificationExtension.appex */ = {isa = PBXFileReference; explicitFileType = "wrapper.app-extension"; includeInIndex = 0; path = NotificationExtension.appex; sourceTree = BUILT_PRODUCTS_DIR; };
		8B741E8D2D65E21200D474EE /* PDFViewer */ = {isa = PBXFileReference; lastKnownFileType = wrapper; path = PDFViewer; sourceTree = "<group>"; };
		8BB141402D64CB2800E76849 /* WebViewSPM */ = {isa = PBXFileReference; lastKnownFileType = wrapper; path = WebViewSPM; sourceTree = "<group>"; };
		8BF70ECD2D67263B0062B3F0 /* WidgetExtensionExtension.appex */ = {isa = PBXFileReference; explicitFileType = "wrapper.app-extension"; includeInIndex = 0; path = WidgetExtensionExtension.appex; sourceTree = BUILT_PRODUCTS_DIR; };
		8BF70ECE2D67263B0062B3F0 /* WidgetKit.framework */ = {isa = PBXFileReference; lastKnownFileType = wrapper.framework; name = WidgetKit.framework; path = System/Library/Frameworks/WidgetKit.framework; sourceTree = SDKROOT; };
		8BF70ED02D67263B0062B3F0 /* SwiftUI.framework */ = {isa = PBXFileReference; lastKnownFileType = wrapper.framework; name = SwiftUI.framework; path = System/Library/Frameworks/SwiftUI.framework; sourceTree = SDKROOT; };
		8BF70EEA2D6771060062B3F0 /* AnyFileViewer */ = {isa = PBXFileReference; lastKnownFileType = wrapper; path = AnyFileViewer; sourceTree = "<group>"; };
		8BF70EED2D677A5B0062B3F0 /* QuickLook.framework */ = {isa = PBXFileReference; lastKnownFileType = wrapper.framework; name = QuickLook.framework; path = System/Library/Frameworks/QuickLook.framework; sourceTree = SDKROOT; };
		8BF8AEE92D6C67BC00CF3F45 /* ShareFiles */ = {isa = PBXFileReference; lastKnownFileType = wrapper; path = ShareFiles; sourceTree = "<group>"; };
		8BF8AEF62D6C8CC000CF3F45 /* ScanQR */ = {isa = PBXFileReference; lastKnownFileType = wrapper; path = ScanQR; sourceTree = "<group>"; };
		D2C47BBC2D5DF19D005B9FA5 /* UserNotifications.framework */ = {isa = PBXFileReference; lastKnownFileType = wrapper.framework; name = UserNotifications.framework; path = System/Library/Frameworks/UserNotifications.framework; sourceTree = SDKROOT; };
		D2C47BBE2D5DF19D005B9FA5 /* UserNotificationsUI.framework */ = {isa = PBXFileReference; lastKnownFileType = wrapper.framework; name = UserNotificationsUI.framework; path = System/Library/Frameworks/UserNotificationsUI.framework; sourceTree = SDKROOT; };
		D2E606E32D4A3CA200D0A0B7 /* ProofOfConcept.app */ = {isa = PBXFileReference; explicitFileType = wrapper.application; includeInIndex = 0; path = ProofOfConcept.app; sourceTree = BUILT_PRODUCTS_DIR; };
		D2E606F32D4A3CA400D0A0B7 /* ProofOfConceptTests.xctest */ = {isa = PBXFileReference; explicitFileType = wrapper.cfbundle; includeInIndex = 0; path = ProofOfConceptTests.xctest; sourceTree = BUILT_PRODUCTS_DIR; };
		D2E606FD2D4A3CA400D0A0B7 /* ProofOfConceptUITests.xctest */ = {isa = PBXFileReference; explicitFileType = wrapper.cfbundle; includeInIndex = 0; path = ProofOfConceptUITests.xctest; sourceTree = BUILT_PRODUCTS_DIR; };
/* End PBXFileReference section */

/* Begin PBXFileSystemSynchronizedBuildFileExceptionSet section */
		8B60377B2D6CC37000727532 /* Exceptions for "NotificationExtension" folder in "NotificationExtension" target */ = {
			isa = PBXFileSystemSynchronizedBuildFileExceptionSet;
			membershipExceptions = (
				Info.plist,
			);
			target = 8B60376F2D6CC37000727532 /* NotificationExtension */;
		};
		8BF70EE62D67263D0062B3F0 /* Exceptions for "WidgetExtension" folder in "WidgetExtensionExtension" target */ = {
			isa = PBXFileSystemSynchronizedBuildFileExceptionSet;
			membershipExceptions = (
				Info.plist,
			);
			target = 8BF70ECC2D67263B0062B3F0 /* WidgetExtensionExtension */;
		};
		8BF70EE82D672A990062B3F0 /* Exceptions for "WidgetExtension" folder in "ProofOfConcept" target */ = {
			isa = PBXFileSystemSynchronizedBuildFileExceptionSet;
			membershipExceptions = (
				WidgetExtensionLiveActivity.swift,
			);
			target = D2E606E22D4A3CA200D0A0B7 /* ProofOfConcept */;
		};
		D2C47B2C2D5DE902005B9FA5 /* Exceptions for "ProofOfConcept" folder in "ProofOfConcept" target */ = {
			isa = PBXFileSystemSynchronizedBuildFileExceptionSet;
			membershipExceptions = (
				Info.plist,
			);
			target = D2E606E22D4A3CA200D0A0B7 /* ProofOfConcept */;
		};
/* End PBXFileSystemSynchronizedBuildFileExceptionSet section */

/* Begin PBXFileSystemSynchronizedRootGroup section */
		8B6037712D6CC37000727532 /* NotificationExtension */ = {
			isa = PBXFileSystemSynchronizedRootGroup;
			exceptions = (
				8B60377B2D6CC37000727532 /* Exceptions for "NotificationExtension" folder in "NotificationExtension" target */,
			);
			path = NotificationExtension;
			sourceTree = "<group>";
		};
		8BF70ED22D67263B0062B3F0 /* WidgetExtension */ = {
			isa = PBXFileSystemSynchronizedRootGroup;
			exceptions = (
				8BF70EE82D672A990062B3F0 /* Exceptions for "WidgetExtension" folder in "ProofOfConcept" target */,
				8BF70EE62D67263D0062B3F0 /* Exceptions for "WidgetExtension" folder in "WidgetExtensionExtension" target */,
			);
			path = WidgetExtension;
			sourceTree = "<group>";
		};
		D2E606E52D4A3CA200D0A0B7 /* ProofOfConcept */ = {
			isa = PBXFileSystemSynchronizedRootGroup;
			exceptions = (
				D2C47B2C2D5DE902005B9FA5 /* Exceptions for "ProofOfConcept" folder in "ProofOfConcept" target */,
			);
			path = ProofOfConcept;
			sourceTree = "<group>";
		};
		D2E606F62D4A3CA400D0A0B7 /* ProofOfConceptTests */ = {
			isa = PBXFileSystemSynchronizedRootGroup;
			path = ProofOfConceptTests;
			sourceTree = "<group>";
		};
		D2E607002D4A3CA400D0A0B7 /* ProofOfConceptUITests */ = {
			isa = PBXFileSystemSynchronizedRootGroup;
			path = ProofOfConceptUITests;
			sourceTree = "<group>";
		};
/* End PBXFileSystemSynchronizedRootGroup section */

/* Begin PBXFrameworksBuildPhase section */
		8B60376D2D6CC37000727532 /* Frameworks */ = {
			isa = PBXFrameworksBuildPhase;
			buildActionMask = 2147483647;
			files = (
			);
			runOnlyForDeploymentPostprocessing = 0;
		};
		8BF70ECA2D67263B0062B3F0 /* Frameworks */ = {
			isa = PBXFrameworksBuildPhase;
			buildActionMask = 2147483647;
			files = (
				8BF70ED12D67263B0062B3F0 /* SwiftUI.framework in Frameworks */,
				8BF70ECF2D67263B0062B3F0 /* WidgetKit.framework in Frameworks */,
			);
			runOnlyForDeploymentPostprocessing = 0;
		};
		D2E606E02D4A3CA200D0A0B7 /* Frameworks */ = {
			isa = PBXFrameworksBuildPhase;
			buildActionMask = 2147483647;
			files = (
				8BF8AEEE2D6C688300CF3F45 /* ShareFiles in Frameworks */,
				8BF8AEFD2D6C8DD900CF3F45 /* ScanQR in Frameworks */,
				D2C47AEC2D5DDAAC005B9FA5 /* FirebaseMessaging in Frameworks */,
				8BD375632D65F98700494FB2 /* PDFViewer in Frameworks */,
				8BF70EEC2D6773990062B3F0 /* AnyFileViewer in Frameworks */,
				D2C47AEA2D5DDAAC005B9FA5 /* FirebaseCore in Frameworks */,
				8BD375652D65F98A00494FB2 /* WebViewSPM in Frameworks */,
			);
			runOnlyForDeploymentPostprocessing = 0;
		};
		D2E606F02D4A3CA400D0A0B7 /* Frameworks */ = {
			isa = PBXFrameworksBuildPhase;
			buildActionMask = 2147483647;
			files = (
			);
			runOnlyForDeploymentPostprocessing = 0;
		};
		D2E606FA2D4A3CA400D0A0B7 /* Frameworks */ = {
			isa = PBXFrameworksBuildPhase;
			buildActionMask = 2147483647;
			files = (
			);
			runOnlyForDeploymentPostprocessing = 0;
		};
/* End PBXFrameworksBuildPhase section */

/* Begin PBXGroup section */
		D2C47AE82D5DDAAC005B9FA5 /* Frameworks */ = {
			isa = PBXGroup;
			children = (
				8BF70EED2D677A5B0062B3F0 /* QuickLook.framework */,
				D2C47BBC2D5DF19D005B9FA5 /* UserNotifications.framework */,
				D2C47BBE2D5DF19D005B9FA5 /* UserNotificationsUI.framework */,
				8BF70ECE2D67263B0062B3F0 /* WidgetKit.framework */,
				8BF70ED02D67263B0062B3F0 /* SwiftUI.framework */,
			);
			name = Frameworks;
			sourceTree = "<group>";
		};
		D2E606DA2D4A3CA200D0A0B7 = {
			isa = PBXGroup;
			children = (
				8BF8AEF62D6C8CC000CF3F45 /* ScanQR */,
				8BF8AEE92D6C67BC00CF3F45 /* ShareFiles */,
				8BF70EEA2D6771060062B3F0 /* AnyFileViewer */,
				8B741E8D2D65E21200D474EE /* PDFViewer */,
				8BB141402D64CB2800E76849 /* WebViewSPM */,
				D2E606E52D4A3CA200D0A0B7 /* ProofOfConcept */,
				D2E606F62D4A3CA400D0A0B7 /* ProofOfConceptTests */,
				D2E607002D4A3CA400D0A0B7 /* ProofOfConceptUITests */,
				8BF70ED22D67263B0062B3F0 /* WidgetExtension */,
				8B6037712D6CC37000727532 /* NotificationExtension */,
				D2C47AE82D5DDAAC005B9FA5 /* Frameworks */,
				D2E606E42D4A3CA200D0A0B7 /* Products */,
			);
			sourceTree = "<group>";
		};
		D2E606E42D4A3CA200D0A0B7 /* Products */ = {
			isa = PBXGroup;
			children = (
				D2E606E32D4A3CA200D0A0B7 /* ProofOfConcept.app */,
				D2E606F32D4A3CA400D0A0B7 /* ProofOfConceptTests.xctest */,
				D2E606FD2D4A3CA400D0A0B7 /* ProofOfConceptUITests.xctest */,
				8BF70ECD2D67263B0062B3F0 /* WidgetExtensionExtension.appex */,
				8B6037702D6CC37000727532 /* NotificationExtension.appex */,
			);
			name = Products;
			sourceTree = "<group>";
		};
/* End PBXGroup section */

/* Begin PBXNativeTarget section */
		8B60376F2D6CC37000727532 /* NotificationExtension */ = {
			isa = PBXNativeTarget;
			buildConfigurationList = 8B60377A2D6CC37000727532 /* Build configuration list for PBXNativeTarget "NotificationExtension" */;
			buildPhases = (
				8B60376C2D6CC37000727532 /* Sources */,
				8B60376D2D6CC37000727532 /* Frameworks */,
				8B60376E2D6CC37000727532 /* Resources */,
			);
			buildRules = (
			);
			dependencies = (
			);
			fileSystemSynchronizedGroups = (
				8B6037712D6CC37000727532 /* NotificationExtension */,
			);
			name = NotificationExtension;
			packageProductDependencies = (
			);
			productName = NotificationExtension;
			productReference = 8B6037702D6CC37000727532 /* NotificationExtension.appex */;
			productType = "com.apple.product-type.app-extension";
		};
		8BF70ECC2D67263B0062B3F0 /* WidgetExtensionExtension */ = {
			isa = PBXNativeTarget;
			buildConfigurationList = 8BF70EE32D67263D0062B3F0 /* Build configuration list for PBXNativeTarget "WidgetExtensionExtension" */;
			buildPhases = (
				8BF70EC92D67263B0062B3F0 /* Sources */,
				8BF70ECA2D67263B0062B3F0 /* Frameworks */,
				8BF70ECB2D67263B0062B3F0 /* Resources */,
			);
			buildRules = (
			);
			dependencies = (
			);
			fileSystemSynchronizedGroups = (
				8BF70ED22D67263B0062B3F0 /* WidgetExtension */,
			);
			name = WidgetExtensionExtension;
			packageProductDependencies = (
			);
			productName = WidgetExtensionExtension;
			productReference = 8BF70ECD2D67263B0062B3F0 /* WidgetExtensionExtension.appex */;
			productType = "com.apple.product-type.app-extension";
		};
		D2E606E22D4A3CA200D0A0B7 /* ProofOfConcept */ = {
			isa = PBXNativeTarget;
			buildConfigurationList = D2E607072D4A3CA400D0A0B7 /* Build configuration list for PBXNativeTarget "ProofOfConcept" */;
			buildPhases = (
				D2E606DF2D4A3CA200D0A0B7 /* Sources */,
				D2E606E02D4A3CA200D0A0B7 /* Frameworks */,
				D2E606E12D4A3CA200D0A0B7 /* Resources */,
				D2C47BCA2D5DF19D005B9FA5 /* Embed Foundation Extensions */,
			);
			buildRules = (
			);
			dependencies = (
				8BF70EE12D67263D0062B3F0 /* PBXTargetDependency */,
				8B6037762D6CC37000727532 /* PBXTargetDependency */,
			);
			fileSystemSynchronizedGroups = (
				D2E606E52D4A3CA200D0A0B7 /* ProofOfConcept */,
			);
			name = ProofOfConcept;
			packageProductDependencies = (
				D2C47AE92D5DDAAC005B9FA5 /* FirebaseCore */,
				D2C47AEB2D5DDAAC005B9FA5 /* FirebaseMessaging */,
				8BD375622D65F98700494FB2 /* PDFViewer */,
				8BD375642D65F98A00494FB2 /* WebViewSPM */,
				8BF70EEB2D6773990062B3F0 /* AnyFileViewer */,
				8BF8AEED2D6C688300CF3F45 /* ShareFiles */,
				8BF8AEFC2D6C8DD900CF3F45 /* ScanQR */,
			);
			productName = ProofOfConcept;
			productReference = D2E606E32D4A3CA200D0A0B7 /* ProofOfConcept.app */;
			productType = "com.apple.product-type.application";
		};
		D2E606F22D4A3CA400D0A0B7 /* ProofOfConceptTests */ = {
			isa = PBXNativeTarget;
			buildConfigurationList = D2E6070A2D4A3CA400D0A0B7 /* Build configuration list for PBXNativeTarget "ProofOfConceptTests" */;
			buildPhases = (
				D2E606EF2D4A3CA400D0A0B7 /* Sources */,
				D2E606F02D4A3CA400D0A0B7 /* Frameworks */,
				D2E606F12D4A3CA400D0A0B7 /* Resources */,
			);
			buildRules = (
			);
			dependencies = (
				D2E606F52D4A3CA400D0A0B7 /* PBXTargetDependency */,
			);
			fileSystemSynchronizedGroups = (
				D2E606F62D4A3CA400D0A0B7 /* ProofOfConceptTests */,
			);
			name = ProofOfConceptTests;
			packageProductDependencies = (
			);
			productName = ProofOfConceptTests;
			productReference = D2E606F32D4A3CA400D0A0B7 /* ProofOfConceptTests.xctest */;
			productType = "com.apple.product-type.bundle.unit-test";
		};
		D2E606FC2D4A3CA400D0A0B7 /* ProofOfConceptUITests */ = {
			isa = PBXNativeTarget;
			buildConfigurationList = D2E6070D2D4A3CA400D0A0B7 /* Build configuration list for PBXNativeTarget "ProofOfConceptUITests" */;
			buildPhases = (
				D2E606F92D4A3CA400D0A0B7 /* Sources */,
				D2E606FA2D4A3CA400D0A0B7 /* Frameworks */,
				D2E606FB2D4A3CA400D0A0B7 /* Resources */,
			);
			buildRules = (
			);
			dependencies = (
				D2E606FF2D4A3CA400D0A0B7 /* PBXTargetDependency */,
			);
			fileSystemSynchronizedGroups = (
				D2E607002D4A3CA400D0A0B7 /* ProofOfConceptUITests */,
			);
			name = ProofOfConceptUITests;
			packageProductDependencies = (
			);
			productName = ProofOfConceptUITests;
			productReference = D2E606FD2D4A3CA400D0A0B7 /* ProofOfConceptUITests.xctest */;
			productType = "com.apple.product-type.bundle.ui-testing";
		};
/* End PBXNativeTarget section */

/* Begin PBXProject section */
		D2E606DB2D4A3CA200D0A0B7 /* Project object */ = {
			isa = PBXProject;
			attributes = {
				BuildIndependentTargetsInParallel = 1;
				LastSwiftUpdateCheck = 1620;
				LastUpgradeCheck = 1620;
				TargetAttributes = {
					8B60376F2D6CC37000727532 = {
						CreatedOnToolsVersion = 16.2;
					};
					8BF70ECC2D67263B0062B3F0 = {
						CreatedOnToolsVersion = 16.2;
					};
					D2E606E22D4A3CA200D0A0B7 = {
						CreatedOnToolsVersion = 16.2;
					};
					D2E606F22D4A3CA400D0A0B7 = {
						CreatedOnToolsVersion = 16.2;
						TestTargetID = D2E606E22D4A3CA200D0A0B7;
					};
					D2E606FC2D4A3CA400D0A0B7 = {
						CreatedOnToolsVersion = 16.2;
						TestTargetID = D2E606E22D4A3CA200D0A0B7;
					};
				};
			};
			buildConfigurationList = D2E606DE2D4A3CA200D0A0B7 /* Build configuration list for PBXProject "ProofOfConcept" */;
			developmentRegion = en;
			hasScannedForEncodings = 0;
			knownRegions = (
				en,
				Base,
			);
			mainGroup = D2E606DA2D4A3CA200D0A0B7;
			minimizedProjectReferenceProxies = 1;
			packageReferences = (
				D2C47AE52D5DD992005B9FA5 /* XCRemoteSwiftPackageReference "firebase-ios-sdk" */,
			);
			preferredProjectObjectVersion = 77;
			productRefGroup = D2E606E42D4A3CA200D0A0B7 /* Products */;
			projectDirPath = "";
			projectRoot = "";
			targets = (
				D2E606E22D4A3CA200D0A0B7 /* ProofOfConcept */,
				D2E606F22D4A3CA400D0A0B7 /* ProofOfConceptTests */,
				D2E606FC2D4A3CA400D0A0B7 /* ProofOfConceptUITests */,
				8BF70ECC2D67263B0062B3F0 /* WidgetExtensionExtension */,
				8B60376F2D6CC37000727532 /* NotificationExtension */,
			);
		};
/* End PBXProject section */

/* Begin PBXResourcesBuildPhase section */
		8B60376E2D6CC37000727532 /* Resources */ = {
			isa = PBXResourcesBuildPhase;
			buildActionMask = 2147483647;
			files = (
			);
			runOnlyForDeploymentPostprocessing = 0;
		};
		8BF70ECB2D67263B0062B3F0 /* Resources */ = {
			isa = PBXResourcesBuildPhase;
			buildActionMask = 2147483647;
			files = (
			);
			runOnlyForDeploymentPostprocessing = 0;
		};
		D2E606E12D4A3CA200D0A0B7 /* Resources */ = {
			isa = PBXResourcesBuildPhase;
			buildActionMask = 2147483647;
			files = (
			);
			runOnlyForDeploymentPostprocessing = 0;
		};
		D2E606F12D4A3CA400D0A0B7 /* Resources */ = {
			isa = PBXResourcesBuildPhase;
			buildActionMask = 2147483647;
			files = (
			);
			runOnlyForDeploymentPostprocessing = 0;
		};
		D2E606FB2D4A3CA400D0A0B7 /* Resources */ = {
			isa = PBXResourcesBuildPhase;
			buildActionMask = 2147483647;
			files = (
			);
			runOnlyForDeploymentPostprocessing = 0;
		};
/* End PBXResourcesBuildPhase section */

/* Begin PBXSourcesBuildPhase section */
		8B60376C2D6CC37000727532 /* Sources */ = {
			isa = PBXSourcesBuildPhase;
			buildActionMask = 2147483647;
			files = (
			);
			runOnlyForDeploymentPostprocessing = 0;
		};
		8BF70EC92D67263B0062B3F0 /* Sources */ = {
			isa = PBXSourcesBuildPhase;
			buildActionMask = 2147483647;
			files = (
			);
			runOnlyForDeploymentPostprocessing = 0;
		};
		D2E606DF2D4A3CA200D0A0B7 /* Sources */ = {
			isa = PBXSourcesBuildPhase;
			buildActionMask = 2147483647;
			files = (
			);
			runOnlyForDeploymentPostprocessing = 0;
		};
		D2E606EF2D4A3CA400D0A0B7 /* Sources */ = {
			isa = PBXSourcesBuildPhase;
			buildActionMask = 2147483647;
			files = (
			);
			runOnlyForDeploymentPostprocessing = 0;
		};
		D2E606F92D4A3CA400D0A0B7 /* Sources */ = {
			isa = PBXSourcesBuildPhase;
			buildActionMask = 2147483647;
			files = (
			);
			runOnlyForDeploymentPostprocessing = 0;
		};
/* End PBXSourcesBuildPhase section */

/* Begin PBXTargetDependency section */
		8B6037762D6CC37000727532 /* PBXTargetDependency */ = {
			isa = PBXTargetDependency;
			target = 8B60376F2D6CC37000727532 /* NotificationExtension */;
			targetProxy = 8B6037752D6CC37000727532 /* PBXContainerItemProxy */;
		};
		8BF70EE12D67263D0062B3F0 /* PBXTargetDependency */ = {
			isa = PBXTargetDependency;
			target = 8BF70ECC2D67263B0062B3F0 /* WidgetExtensionExtension */;
			targetProxy = 8BF70EE02D67263D0062B3F0 /* PBXContainerItemProxy */;
		};
		D2E606F52D4A3CA400D0A0B7 /* PBXTargetDependency */ = {
			isa = PBXTargetDependency;
			target = D2E606E22D4A3CA200D0A0B7 /* ProofOfConcept */;
			targetProxy = D2E606F42D4A3CA400D0A0B7 /* PBXContainerItemProxy */;
		};
		D2E606FF2D4A3CA400D0A0B7 /* PBXTargetDependency */ = {
			isa = PBXTargetDependency;
			target = D2E606E22D4A3CA200D0A0B7 /* ProofOfConcept */;
			targetProxy = D2E606FE2D4A3CA400D0A0B7 /* PBXContainerItemProxy */;
		};
/* End PBXTargetDependency section */

/* Begin XCBuildConfiguration section */
		8B6037782D6CC37000727532 /* Debug */ = {
			isa = XCBuildConfiguration;
			buildSettings = {
				CODE_SIGN_ENTITLEMENTS = NotificationExtension/NotificationExtension.entitlements;
				CODE_SIGN_IDENTITY = "Apple Development";
				CODE_SIGN_STYLE = Automatic;
				CURRENT_PROJECT_VERSION = 1;
				DEVELOPMENT_TEAM = "";
				GENERATE_INFOPLIST_FILE = YES;
				INFOPLIST_FILE = NotificationExtension/Info.plist;
				INFOPLIST_KEY_CFBundleDisplayName = NotificationExtension;
				INFOPLIST_KEY_NSHumanReadableCopyright = "";
				LD_RUNPATH_SEARCH_PATHS = (
					"$(inherited)",
					"@executable_path/Frameworks",
					"@executable_path/../../Frameworks",
				);
				MARKETING_VERSION = 1.0;
				PRODUCT_BUNDLE_IDENTIFIER = com.plexus.ProofOfConcept.NotificationExtension;
				PRODUCT_NAME = "$(TARGET_NAME)";
				SKIP_INSTALL = YES;
				SWIFT_EMIT_LOC_STRINGS = YES;
				SWIFT_VERSION = 5.0;
				TARGETED_DEVICE_FAMILY = "1,2";
			};
			name = Debug;
		};
		8B6037792D6CC37000727532 /* Release */ = {
			isa = XCBuildConfiguration;
			buildSettings = {
				CODE_SIGN_ENTITLEMENTS = NotificationExtension/NotificationExtension.entitlements;
				CODE_SIGN_IDENTITY = "Apple Development";
				CODE_SIGN_STYLE = Automatic;
				CURRENT_PROJECT_VERSION = 1;
				DEVELOPMENT_TEAM = "";
				GENERATE_INFOPLIST_FILE = YES;
				INFOPLIST_FILE = NotificationExtension/Info.plist;
				INFOPLIST_KEY_CFBundleDisplayName = NotificationExtension;
				INFOPLIST_KEY_NSHumanReadableCopyright = "";
				LD_RUNPATH_SEARCH_PATHS = (
					"$(inherited)",
					"@executable_path/Frameworks",
					"@executable_path/../../Frameworks",
				);
				MARKETING_VERSION = 1.0;
				PRODUCT_BUNDLE_IDENTIFIER = com.plexus.ProofOfConcept.NotificationExtension;
				PRODUCT_NAME = "$(TARGET_NAME)";
				SKIP_INSTALL = YES;
				SWIFT_EMIT_LOC_STRINGS = YES;
				SWIFT_VERSION = 5.0;
				TARGETED_DEVICE_FAMILY = "1,2";
			};
			name = Release;
		};
		8BF70EE42D67263D0062B3F0 /* Debug */ = {
			isa = XCBuildConfiguration;
			buildSettings = {
				ASSETCATALOG_COMPILER_GLOBAL_ACCENT_COLOR_NAME = AccentColor;
				ASSETCATALOG_COMPILER_WIDGET_BACKGROUND_COLOR_NAME = WidgetBackground;
				CODE_SIGN_STYLE = Automatic;
				CURRENT_PROJECT_VERSION = 1;
				DEVELOPMENT_TEAM = "";
				GENERATE_INFOPLIST_FILE = YES;
				INFOPLIST_FILE = WidgetExtension/Info.plist;
				INFOPLIST_KEY_CFBundleDisplayName = WidgetExtension;
				INFOPLIST_KEY_NSHumanReadableCopyright = "";
				LD_RUNPATH_SEARCH_PATHS = (
					"$(inherited)",
					"@executable_path/Frameworks",
					"@executable_path/../../Frameworks",
				);
				MARKETING_VERSION = 1.0;
				PRODUCT_BUNDLE_IDENTIFIER = com.plexus.ProofOfConcept.WidgetExtension;
				PRODUCT_NAME = "$(TARGET_NAME)";
				SKIP_INSTALL = YES;
				SWIFT_EMIT_LOC_STRINGS = YES;
				SWIFT_VERSION = 5.0;
				TARGETED_DEVICE_FAMILY = "1,2";
			};
			name = Debug;
		};
		8BF70EE52D67263D0062B3F0 /* Release */ = {
			isa = XCBuildConfiguration;
			buildSettings = {
				ASSETCATALOG_COMPILER_GLOBAL_ACCENT_COLOR_NAME = AccentColor;
				ASSETCATALOG_COMPILER_WIDGET_BACKGROUND_COLOR_NAME = WidgetBackground;
				CODE_SIGN_STYLE = Automatic;
				CURRENT_PROJECT_VERSION = 1;
				DEVELOPMENT_TEAM = "";
				GENERATE_INFOPLIST_FILE = YES;
				INFOPLIST_FILE = WidgetExtension/Info.plist;
				INFOPLIST_KEY_CFBundleDisplayName = WidgetExtension;
				INFOPLIST_KEY_NSHumanReadableCopyright = "";
				LD_RUNPATH_SEARCH_PATHS = (
					"$(inherited)",
					"@executable_path/Frameworks",
					"@executable_path/../../Frameworks",
				);
				MARKETING_VERSION = 1.0;
				PRODUCT_BUNDLE_IDENTIFIER = com.plexus.ProofOfConcept.WidgetExtension;
				PRODUCT_NAME = "$(TARGET_NAME)";
				SKIP_INSTALL = YES;
				SWIFT_EMIT_LOC_STRINGS = YES;
				SWIFT_VERSION = 5.0;
				TARGETED_DEVICE_FAMILY = "1,2";
			};
			name = Release;
		};
		D2E607052D4A3CA400D0A0B7 /* Debug */ = {
			isa = XCBuildConfiguration;
			buildSettings = {
				ALWAYS_SEARCH_USER_PATHS = NO;
				ASSETCATALOG_COMPILER_GENERATE_SWIFT_ASSET_SYMBOL_EXTENSIONS = YES;
				CLANG_ANALYZER_NONNULL = YES;
				CLANG_ANALYZER_NUMBER_OBJECT_CONVERSION = YES_AGGRESSIVE;
				CLANG_CXX_LANGUAGE_STANDARD = "gnu++20";
				CLANG_ENABLE_MODULES = YES;
				CLANG_ENABLE_OBJC_ARC = YES;
				CLANG_ENABLE_OBJC_WEAK = YES;
				CLANG_WARN_BLOCK_CAPTURE_AUTORELEASING = YES;
				CLANG_WARN_BOOL_CONVERSION = YES;
				CLANG_WARN_COMMA = YES;
				CLANG_WARN_CONSTANT_CONVERSION = YES;
				CLANG_WARN_DEPRECATED_OBJC_IMPLEMENTATIONS = YES;
				CLANG_WARN_DIRECT_OBJC_ISA_USAGE = YES_ERROR;
				CLANG_WARN_DOCUMENTATION_COMMENTS = YES;
				CLANG_WARN_EMPTY_BODY = YES;
				CLANG_WARN_ENUM_CONVERSION = YES;
				CLANG_WARN_INFINITE_RECURSION = YES;
				CLANG_WARN_INT_CONVERSION = YES;
				CLANG_WARN_NON_LITERAL_NULL_CONVERSION = YES;
				CLANG_WARN_OBJC_IMPLICIT_RETAIN_SELF = YES;
				CLANG_WARN_OBJC_LITERAL_CONVERSION = YES;
				CLANG_WARN_OBJC_ROOT_CLASS = YES_ERROR;
				CLANG_WARN_QUOTED_INCLUDE_IN_FRAMEWORK_HEADER = YES;
				CLANG_WARN_RANGE_LOOP_ANALYSIS = YES;
				CLANG_WARN_STRICT_PROTOTYPES = YES;
				CLANG_WARN_SUSPICIOUS_MOVE = YES;
				CLANG_WARN_UNGUARDED_AVAILABILITY = YES_AGGRESSIVE;
				CLANG_WARN_UNREACHABLE_CODE = YES;
				CLANG_WARN__DUPLICATE_METHOD_MATCH = YES;
				COPY_PHASE_STRIP = NO;
				DEBUG_INFORMATION_FORMAT = dwarf;
				ENABLE_STRICT_OBJC_MSGSEND = YES;
				ENABLE_TESTABILITY = YES;
				ENABLE_USER_SCRIPT_SANDBOXING = YES;
				GCC_C_LANGUAGE_STANDARD = gnu17;
				GCC_DYNAMIC_NO_PIC = NO;
				GCC_NO_COMMON_BLOCKS = YES;
				GCC_OPTIMIZATION_LEVEL = 0;
				GCC_PREPROCESSOR_DEFINITIONS = (
					"DEBUG=1",
					"$(inherited)",
				);
				GCC_WARN_64_TO_32_BIT_CONVERSION = YES;
				GCC_WARN_ABOUT_RETURN_TYPE = YES_ERROR;
				GCC_WARN_UNDECLARED_SELECTOR = YES;
				GCC_WARN_UNINITIALIZED_AUTOS = YES_AGGRESSIVE;
				GCC_WARN_UNUSED_FUNCTION = YES;
				GCC_WARN_UNUSED_VARIABLE = YES;
				IPHONEOS_DEPLOYMENT_TARGET = 18.2;
				LOCALIZATION_PREFERS_STRING_CATALOGS = YES;
				MTL_ENABLE_DEBUG_INFO = INCLUDE_SOURCE;
				MTL_FAST_MATH = YES;
				ONLY_ACTIVE_ARCH = YES;
				SDKROOT = iphoneos;
				SWIFT_ACTIVE_COMPILATION_CONDITIONS = "DEBUG $(inherited)";
				SWIFT_OPTIMIZATION_LEVEL = "-Onone";
			};
			name = Debug;
		};
		D2E607062D4A3CA400D0A0B7 /* Release */ = {
			isa = XCBuildConfiguration;
			buildSettings = {
				ALWAYS_SEARCH_USER_PATHS = NO;
				ASSETCATALOG_COMPILER_GENERATE_SWIFT_ASSET_SYMBOL_EXTENSIONS = YES;
				CLANG_ANALYZER_NONNULL = YES;
				CLANG_ANALYZER_NUMBER_OBJECT_CONVERSION = YES_AGGRESSIVE;
				CLANG_CXX_LANGUAGE_STANDARD = "gnu++20";
				CLANG_ENABLE_MODULES = YES;
				CLANG_ENABLE_OBJC_ARC = YES;
				CLANG_ENABLE_OBJC_WEAK = YES;
				CLANG_WARN_BLOCK_CAPTURE_AUTORELEASING = YES;
				CLANG_WARN_BOOL_CONVERSION = YES;
				CLANG_WARN_COMMA = YES;
				CLANG_WARN_CONSTANT_CONVERSION = YES;
				CLANG_WARN_DEPRECATED_OBJC_IMPLEMENTATIONS = YES;
				CLANG_WARN_DIRECT_OBJC_ISA_USAGE = YES_ERROR;
				CLANG_WARN_DOCUMENTATION_COMMENTS = YES;
				CLANG_WARN_EMPTY_BODY = YES;
				CLANG_WARN_ENUM_CONVERSION = YES;
				CLANG_WARN_INFINITE_RECURSION = YES;
				CLANG_WARN_INT_CONVERSION = YES;
				CLANG_WARN_NON_LITERAL_NULL_CONVERSION = YES;
				CLANG_WARN_OBJC_IMPLICIT_RETAIN_SELF = YES;
				CLANG_WARN_OBJC_LITERAL_CONVERSION = YES;
				CLANG_WARN_OBJC_ROOT_CLASS = YES_ERROR;
				CLANG_WARN_QUOTED_INCLUDE_IN_FRAMEWORK_HEADER = YES;
				CLANG_WARN_RANGE_LOOP_ANALYSIS = YES;
				CLANG_WARN_STRICT_PROTOTYPES = YES;
				CLANG_WARN_SUSPICIOUS_MOVE = YES;
				CLANG_WARN_UNGUARDED_AVAILABILITY = YES_AGGRESSIVE;
				CLANG_WARN_UNREACHABLE_CODE = YES;
				CLANG_WARN__DUPLICATE_METHOD_MATCH = YES;
				COPY_PHASE_STRIP = NO;
				DEBUG_INFORMATION_FORMAT = "dwarf-with-dsym";
				ENABLE_NS_ASSERTIONS = NO;
				ENABLE_STRICT_OBJC_MSGSEND = YES;
				ENABLE_USER_SCRIPT_SANDBOXING = YES;
				GCC_C_LANGUAGE_STANDARD = gnu17;
				GCC_NO_COMMON_BLOCKS = YES;
				GCC_WARN_64_TO_32_BIT_CONVERSION = YES;
				GCC_WARN_ABOUT_RETURN_TYPE = YES_ERROR;
				GCC_WARN_UNDECLARED_SELECTOR = YES;
				GCC_WARN_UNINITIALIZED_AUTOS = YES_AGGRESSIVE;
				GCC_WARN_UNUSED_FUNCTION = YES;
				GCC_WARN_UNUSED_VARIABLE = YES;
				IPHONEOS_DEPLOYMENT_TARGET = 18.2;
				LOCALIZATION_PREFERS_STRING_CATALOGS = YES;
				MTL_ENABLE_DEBUG_INFO = NO;
				MTL_FAST_MATH = YES;
				SDKROOT = iphoneos;
				SWIFT_COMPILATION_MODE = wholemodule;
				VALIDATE_PRODUCT = YES;
			};
			name = Release;
		};
		D2E607082D4A3CA400D0A0B7 /* Debug */ = {
			isa = XCBuildConfiguration;
			buildSettings = {
				ASSETCATALOG_COMPILER_APPICON_NAME = AppIcon;
				ASSETCATALOG_COMPILER_GLOBAL_ACCENT_COLOR_NAME = AccentColor;
				CODE_SIGN_ENTITLEMENTS = ProofOfConcept/ProofOfConcept.entitlements;
				CODE_SIGN_IDENTITY = "Apple Development";
				CODE_SIGN_STYLE = Automatic;
				CURRENT_PROJECT_VERSION = 1;
				DEVELOPMENT_ASSET_PATHS = "\"ProofOfConcept/Preview Content\"";
				DEVELOPMENT_TEAM = "";
				ENABLE_PREVIEWS = YES;
				GENERATE_INFOPLIST_FILE = YES;
				INFOPLIST_FILE = ProofOfConcept/Info.plist;
				INFOPLIST_KEY_NSCameraUsageDescription = "We need access to camera to scan QR codes";
				INFOPLIST_KEY_NSPhotoLibraryUsageDescription = "Required to create albums on your gallery";
				INFOPLIST_KEY_NSSupportsLiveActivities = YES;
				INFOPLIST_KEY_UIApplicationSceneManifest_Generation = YES;
				INFOPLIST_KEY_UIApplicationSupportsIndirectInputEvents = YES;
				INFOPLIST_KEY_UILaunchScreen_Generation = YES;
				INFOPLIST_KEY_UISupportedInterfaceOrientations_iPad = "UIInterfaceOrientationPortrait UIInterfaceOrientationPortraitUpsideDown UIInterfaceOrientationLandscapeLeft UIInterfaceOrientationLandscapeRight";
				INFOPLIST_KEY_UISupportedInterfaceOrientations_iPhone = "UIInterfaceOrientationPortrait UIInterfaceOrientationLandscapeLeft UIInterfaceOrientationLandscapeRight";
				IPHONEOS_DEPLOYMENT_TARGET = 16.6;
				LD_RUNPATH_SEARCH_PATHS = (
					"$(inherited)",
					"@executable_path/Frameworks",
				);
				MARKETING_VERSION = 1.0;
				PRODUCT_BUNDLE_IDENTIFIER = com.plexus.ProofOfConcept;
				PRODUCT_NAME = "$(TARGET_NAME)";
				PROVISIONING_PROFILE_SPECIFIER = "";
				SWIFT_EMIT_LOC_STRINGS = YES;
				SWIFT_VERSION = 6.0;
				TARGETED_DEVICE_FAMILY = "1,2";
			};
			name = Debug;
		};
		D2E607092D4A3CA400D0A0B7 /* Release */ = {
			isa = XCBuildConfiguration;
			buildSettings = {
				ASSETCATALOG_COMPILER_APPICON_NAME = AppIcon;
				ASSETCATALOG_COMPILER_GLOBAL_ACCENT_COLOR_NAME = AccentColor;
				CODE_SIGN_ENTITLEMENTS = ProofOfConcept/ProofOfConcept.entitlements;
				CODE_SIGN_IDENTITY = "Apple Development";
				CODE_SIGN_STYLE = Automatic;
				CURRENT_PROJECT_VERSION = 1;
				DEVELOPMENT_ASSET_PATHS = "\"ProofOfConcept/Preview Content\"";
				DEVELOPMENT_TEAM = "";
				ENABLE_PREVIEWS = YES;
				GENERATE_INFOPLIST_FILE = YES;
				INFOPLIST_FILE = ProofOfConcept/Info.plist;
				INFOPLIST_KEY_NSCameraUsageDescription = "We need access to camera to scan QR codes";
				INFOPLIST_KEY_NSPhotoLibraryUsageDescription = "Required to create albums on your gallery";
				INFOPLIST_KEY_NSSupportsLiveActivities = YES;
				INFOPLIST_KEY_UIApplicationSceneManifest_Generation = YES;
				INFOPLIST_KEY_UIApplicationSupportsIndirectInputEvents = YES;
				INFOPLIST_KEY_UILaunchScreen_Generation = YES;
				INFOPLIST_KEY_UISupportedInterfaceOrientations_iPad = "UIInterfaceOrientationPortrait UIInterfaceOrientationPortraitUpsideDown UIInterfaceOrientationLandscapeLeft UIInterfaceOrientationLandscapeRight";
				INFOPLIST_KEY_UISupportedInterfaceOrientations_iPhone = "UIInterfaceOrientationPortrait UIInterfaceOrientationLandscapeLeft UIInterfaceOrientationLandscapeRight";
				IPHONEOS_DEPLOYMENT_TARGET = 16.6;
				LD_RUNPATH_SEARCH_PATHS = (
					"$(inherited)",
					"@executable_path/Frameworks",
				);
				MARKETING_VERSION = 1.0;
				PRODUCT_BUNDLE_IDENTIFIER = com.plexus.ProofOfConcept;
				PRODUCT_NAME = "$(TARGET_NAME)";
				PROVISIONING_PROFILE_SPECIFIER = "";
				SWIFT_EMIT_LOC_STRINGS = YES;
				SWIFT_VERSION = 6.0;
				TARGETED_DEVICE_FAMILY = "1,2";
			};
			name = Release;
		};
		D2E6070B2D4A3CA400D0A0B7 /* Debug */ = {
			isa = XCBuildConfiguration;
			buildSettings = {
				BUNDLE_LOADER = "$(TEST_HOST)";
				CODE_SIGN_STYLE = Automatic;
				CURRENT_PROJECT_VERSION = 1;
				DEVELOPMENT_TEAM = B4C6WGV28H;
				GENERATE_INFOPLIST_FILE = YES;
				IPHONEOS_DEPLOYMENT_TARGET = 18.2;
				MARKETING_VERSION = 1.0;
				PRODUCT_BUNDLE_IDENTIFIER = com.coden0w.ProofOfConceptTests;
				PRODUCT_NAME = "$(TARGET_NAME)";
				SWIFT_EMIT_LOC_STRINGS = NO;
				SWIFT_VERSION = 5.0;
				TARGETED_DEVICE_FAMILY = "1,2";
				TEST_HOST = "$(BUILT_PRODUCTS_DIR)/ProofOfConcept.app/$(BUNDLE_EXECUTABLE_FOLDER_PATH)/ProofOfConcept";
			};
			name = Debug;
		};
		D2E6070C2D4A3CA400D0A0B7 /* Release */ = {
			isa = XCBuildConfiguration;
			buildSettings = {
				BUNDLE_LOADER = "$(TEST_HOST)";
				CODE_SIGN_STYLE = Automatic;
				CURRENT_PROJECT_VERSION = 1;
				DEVELOPMENT_TEAM = B4C6WGV28H;
				GENERATE_INFOPLIST_FILE = YES;
				IPHONEOS_DEPLOYMENT_TARGET = 18.2;
				MARKETING_VERSION = 1.0;
				PRODUCT_BUNDLE_IDENTIFIER = com.coden0w.ProofOfConceptTests;
				PRODUCT_NAME = "$(TARGET_NAME)";
				SWIFT_EMIT_LOC_STRINGS = NO;
				SWIFT_VERSION = 5.0;
				TARGETED_DEVICE_FAMILY = "1,2";
				TEST_HOST = "$(BUILT_PRODUCTS_DIR)/ProofOfConcept.app/$(BUNDLE_EXECUTABLE_FOLDER_PATH)/ProofOfConcept";
			};
			name = Release;
		};
		D2E6070E2D4A3CA400D0A0B7 /* Debug */ = {
			isa = XCBuildConfiguration;
			buildSettings = {
				CODE_SIGN_STYLE = Automatic;
				CURRENT_PROJECT_VERSION = 1;
				DEVELOPMENT_TEAM = B4C6WGV28H;
				GENERATE_INFOPLIST_FILE = YES;
				MARKETING_VERSION = 1.0;
				PRODUCT_BUNDLE_IDENTIFIER = com.coden0w.ProofOfConceptUITests;
				PRODUCT_NAME = "$(TARGET_NAME)";
				SWIFT_EMIT_LOC_STRINGS = NO;
				SWIFT_VERSION = 5.0;
				TARGETED_DEVICE_FAMILY = "1,2";
				TEST_TARGET_NAME = ProofOfConcept;
			};
			name = Debug;
		};
		D2E6070F2D4A3CA400D0A0B7 /* Release */ = {
			isa = XCBuildConfiguration;
			buildSettings = {
				CODE_SIGN_STYLE = Automatic;
				CURRENT_PROJECT_VERSION = 1;
				DEVELOPMENT_TEAM = B4C6WGV28H;
				GENERATE_INFOPLIST_FILE = YES;
				MARKETING_VERSION = 1.0;
				PRODUCT_BUNDLE_IDENTIFIER = com.coden0w.ProofOfConceptUITests;
				PRODUCT_NAME = "$(TARGET_NAME)";
				SWIFT_EMIT_LOC_STRINGS = NO;
				SWIFT_VERSION = 5.0;
				TARGETED_DEVICE_FAMILY = "1,2";
				TEST_TARGET_NAME = ProofOfConcept;
			};
			name = Release;
		};
/* End XCBuildConfiguration section */

/* Begin XCConfigurationList section */
		8B60377A2D6CC37000727532 /* Build configuration list for PBXNativeTarget "NotificationExtension" */ = {
			isa = XCConfigurationList;
			buildConfigurations = (
				8B6037782D6CC37000727532 /* Debug */,
				8B6037792D6CC37000727532 /* Release */,
			);
			defaultConfigurationIsVisible = 0;
			defaultConfigurationName = Release;
		};
		8BF70EE32D67263D0062B3F0 /* Build configuration list for PBXNativeTarget "WidgetExtensionExtension" */ = {
			isa = XCConfigurationList;
			buildConfigurations = (
				8BF70EE42D67263D0062B3F0 /* Debug */,
				8BF70EE52D67263D0062B3F0 /* Release */,
			);
			defaultConfigurationIsVisible = 0;
			defaultConfigurationName = Release;
		};
		D2E606DE2D4A3CA200D0A0B7 /* Build configuration list for PBXProject "ProofOfConcept" */ = {
			isa = XCConfigurationList;
			buildConfigurations = (
				D2E607052D4A3CA400D0A0B7 /* Debug */,
				D2E607062D4A3CA400D0A0B7 /* Release */,
			);
			defaultConfigurationIsVisible = 0;
			defaultConfigurationName = Release;
		};
		D2E607072D4A3CA400D0A0B7 /* Build configuration list for PBXNativeTarget "ProofOfConcept" */ = {
			isa = XCConfigurationList;
			buildConfigurations = (
				D2E607082D4A3CA400D0A0B7 /* Debug */,
				D2E607092D4A3CA400D0A0B7 /* Release */,
			);
			defaultConfigurationIsVisible = 0;
			defaultConfigurationName = Release;
		};
		D2E6070A2D4A3CA400D0A0B7 /* Build configuration list for PBXNativeTarget "ProofOfConceptTests" */ = {
			isa = XCConfigurationList;
			buildConfigurations = (
				D2E6070B2D4A3CA400D0A0B7 /* Debug */,
				D2E6070C2D4A3CA400D0A0B7 /* Release */,
			);
			defaultConfigurationIsVisible = 0;
			defaultConfigurationName = Release;
		};
		D2E6070D2D4A3CA400D0A0B7 /* Build configuration list for PBXNativeTarget "ProofOfConceptUITests" */ = {
			isa = XCConfigurationList;
			buildConfigurations = (
				D2E6070E2D4A3CA400D0A0B7 /* Debug */,
				D2E6070F2D4A3CA400D0A0B7 /* Release */,
			);
			defaultConfigurationIsVisible = 0;
			defaultConfigurationName = Release;
		};
/* End XCConfigurationList section */

/* Begin XCRemoteSwiftPackageReference section */
		D2C47AE52D5DD992005B9FA5 /* XCRemoteSwiftPackageReference "firebase-ios-sdk" */ = {
			isa = XCRemoteSwiftPackageReference;
			repositoryURL = "https://github.com/firebase/firebase-ios-sdk.git";
			requirement = {
				kind = upToNextMajorVersion;
				minimumVersion = 11.8.1;
			};
		};
/* End XCRemoteSwiftPackageReference section */

/* Begin XCSwiftPackageProductDependency section */
		8BD375622D65F98700494FB2 /* PDFViewer */ = {
			isa = XCSwiftPackageProductDependency;
			productName = PDFViewer;
		};
		8BD375642D65F98A00494FB2 /* WebViewSPM */ = {
			isa = XCSwiftPackageProductDependency;
			productName = WebViewSPM;
		};
		8BF70EEB2D6773990062B3F0 /* AnyFileViewer */ = {
			isa = XCSwiftPackageProductDependency;
			productName = AnyFileViewer;
		};
		8BF8AEED2D6C688300CF3F45 /* ShareFiles */ = {
			isa = XCSwiftPackageProductDependency;
			productName = ShareFiles;
		};
		8BF8AEFC2D6C8DD900CF3F45 /* ScanQR */ = {
			isa = XCSwiftPackageProductDependency;
			productName = ScanQR;
		};
		D2C47AE92D5DDAAC005B9FA5 /* FirebaseCore */ = {
			isa = XCSwiftPackageProductDependency;
			package = D2C47AE52D5DD992005B9FA5 /* XCRemoteSwiftPackageReference "firebase-ios-sdk" */;
			productName = FirebaseCore;
		};
		D2C47AEB2D5DDAAC005B9FA5 /* FirebaseMessaging */ = {
			isa = XCSwiftPackageProductDependency;
			package = D2C47AE52D5DD992005B9FA5 /* XCRemoteSwiftPackageReference "firebase-ios-sdk" */;
			productName = FirebaseMessaging;
		};
/* End XCSwiftPackageProductDependency section */
	};
	rootObject = D2E606DB2D4A3CA200D0A0B7 /* Project object */;
}
